// !$*UTF8*$!
{
	archiveVersion = 1;
	classes = {
	};
	objectVersion = 50;
	objects = {

/* Begin PBXBuildFile section */
		5620D41C86ADB39C63DD20C6 /* Pods_Demo.framework in Frameworks */ = {isa = PBXBuildFile; fileRef = 22D29EC23D99D3BEFED42C1F /* Pods_Demo.framework */; };
		842D865A222A5772006FE60F /* HotItemsProcessor.swift in Sources */ = {isa = PBXBuildFile; fileRef = 842D8659222A5772006FE60F /* HotItemsProcessor.swift */; };
		842D865C222A57B2006FE60F /* IHotItemsProcessor.swift in Sources */ = {isa = PBXBuildFile; fileRef = 842D865B222A57B2006FE60F /* IHotItemsProcessor.swift */; };
		842D865E222A60E2006FE60F /* ArrayResponse.swift in Sources */ = {isa = PBXBuildFile; fileRef = 842D865D222A60E2006FE60F /* ArrayResponse.swift */; };
		842D8660222A6797006FE60F /* Utils.swift in Sources */ = {isa = PBXBuildFile; fileRef = 842D865F222A6797006FE60F /* Utils.swift */; };
		84898D8E222A222200A0C50D /* AppDelegate.swift in Sources */ = {isa = PBXBuildFile; fileRef = 84898D8D222A222200A0C50D /* AppDelegate.swift */; };
		84898D90222A222200A0C50D /* ViewController.swift in Sources */ = {isa = PBXBuildFile; fileRef = 84898D8F222A222200A0C50D /* ViewController.swift */; };
		84898D93222A222200A0C50D /* Main.storyboard in Resources */ = {isa = PBXBuildFile; fileRef = 84898D91222A222200A0C50D /* Main.storyboard */; };
		84898D95222A222300A0C50D /* Assets.xcassets in Resources */ = {isa = PBXBuildFile; fileRef = 84898D94222A222300A0C50D /* Assets.xcassets */; };
		84898D98222A222300A0C50D /* LaunchScreen.storyboard in Resources */ = {isa = PBXBuildFile; fileRef = 84898D96222A222300A0C50D /* LaunchScreen.storyboard */; };
		84898DA5222A2AA200A0C50D /* HotItemsApi.swift in Sources */ = {isa = PBXBuildFile; fileRef = 84898DA4222A2AA200A0C50D /* HotItemsApi.swift */; };
		84898DA7222A2AEC00A0C50D /* HotItemsResponse.swift in Sources */ = {isa = PBXBuildFile; fileRef = 84898DA6222A2AEC00A0C50D /* HotItemsResponse.swift */; };
/* End PBXBuildFile section */

/* Begin PBXFileReference section */
		125216B6C957B3433814C1BC /* Pods-Demo.release.xcconfig */ = {isa = PBXFileReference; includeInIndex = 1; lastKnownFileType = text.xcconfig; name = "Pods-Demo.release.xcconfig"; path = "Pods/Target Support Files/Pods-Demo/Pods-Demo.release.xcconfig"; sourceTree = "<group>"; };
		22D29EC23D99D3BEFED42C1F /* Pods_Demo.framework */ = {isa = PBXFileReference; explicitFileType = wrapper.framework; includeInIndex = 0; path = Pods_Demo.framework; sourceTree = BUILT_PRODUCTS_DIR; };
		842D8659222A5772006FE60F /* HotItemsProcessor.swift */ = {isa = PBXFileReference; lastKnownFileType = sourcecode.swift; path = HotItemsProcessor.swift; sourceTree = "<group>"; };
		842D865B222A57B2006FE60F /* IHotItemsProcessor.swift */ = {isa = PBXFileReference; lastKnownFileType = sourcecode.swift; path = IHotItemsProcessor.swift; sourceTree = "<group>"; };
		842D865D222A60E2006FE60F /* ArrayResponse.swift */ = {isa = PBXFileReference; lastKnownFileType = sourcecode.swift; path = ArrayResponse.swift; sourceTree = "<group>"; };
		842D865F222A6797006FE60F /* Utils.swift */ = {isa = PBXFileReference; lastKnownFileType = sourcecode.swift; path = Utils.swift; sourceTree = "<group>"; };
		84898D8A222A222200A0C50D /* Demo.app */ = {isa = PBXFileReference; explicitFileType = wrapper.application; includeInIndex = 0; path = Demo.app; sourceTree = BUILT_PRODUCTS_DIR; };
		84898D8D222A222200A0C50D /* AppDelegate.swift */ = {isa = PBXFileReference; lastKnownFileType = sourcecode.swift; path = AppDelegate.swift; sourceTree = "<group>"; };
		84898D8F222A222200A0C50D /* ViewController.swift */ = {isa = PBXFileReference; lastKnownFileType = sourcecode.swift; path = ViewController.swift; sourceTree = "<group>"; };
		84898D92222A222200A0C50D /* Base */ = {isa = PBXFileReference; lastKnownFileType = file.storyboard; name = Base; path = Base.lproj/Main.storyboard; sourceTree = "<group>"; };
		84898D94222A222300A0C50D /* Assets.xcassets */ = {isa = PBXFileReference; lastKnownFileType = folder.assetcatalog; path = Assets.xcassets; sourceTree = "<group>"; };
		84898D97222A222300A0C50D /* Base */ = {isa = PBXFileReference; lastKnownFileType = file.storyboard; name = Base; path = Base.lproj/LaunchScreen.storyboard; sourceTree = "<group>"; };
		84898D99222A222400A0C50D /* Info.plist */ = {isa = PBXFileReference; lastKnownFileType = text.plist.xml; path = Info.plist; sourceTree = "<group>"; };
		84898DA4222A2AA200A0C50D /* HotItemsApi.swift */ = {isa = PBXFileReference; lastKnownFileType = sourcecode.swift; path = HotItemsApi.swift; sourceTree = "<group>"; };
		84898DA6222A2AEC00A0C50D /* HotItemsResponse.swift */ = {isa = PBXFileReference; lastKnownFileType = sourcecode.swift; path = HotItemsResponse.swift; sourceTree = "<group>"; };
		AAD81F11C1973B846ED3C096 /* Pods-Demo.debug.xcconfig */ = {isa = PBXFileReference; includeInIndex = 1; lastKnownFileType = text.xcconfig; name = "Pods-Demo.debug.xcconfig"; path = "Pods/Target Support Files/Pods-Demo/Pods-Demo.debug.xcconfig"; sourceTree = "<group>"; };
/* End PBXFileReference section */

/* Begin PBXFrameworksBuildPhase section */
		84898D87222A222200A0C50D /* Frameworks */ = {
			isa = PBXFrameworksBuildPhase;
			buildActionMask = 2147483647;
			files = (
				5620D41C86ADB39C63DD20C6 /* Pods_Demo.framework in Frameworks */,
			);
			runOnlyForDeploymentPostprocessing = 0;
		};
/* End PBXFrameworksBuildPhase section */

/* Begin PBXGroup section */
		30FC51B94D68E9F186CCC67B /* Frameworks */ = {
			isa = PBXGroup;
			children = (
				22D29EC23D99D3BEFED42C1F /* Pods_Demo.framework */,
			);
			name = Frameworks;
			sourceTree = "<group>";
		};
		842D8658222A5752006FE60F /* processor */ = {
			isa = PBXGroup;
			children = (
				842D8659222A5772006FE60F /* HotItemsProcessor.swift */,
				842D865B222A57B2006FE60F /* IHotItemsProcessor.swift */,
			);
			path = processor;
			sourceTree = "<group>";
		};
		84898D81222A222200A0C50D = {
			isa = PBXGroup;
			children = (
				84898D8C222A222200A0C50D /* Demo */,
				84898D8B222A222200A0C50D /* Products */,
				AABEB802E526C7C40C5FCB31 /* Pods */,
				30FC51B94D68E9F186CCC67B /* Frameworks */,
			);
			sourceTree = "<group>";
		};
		84898D8B222A222200A0C50D /* Products */ = {
			isa = PBXGroup;
			children = (
				84898D8A222A222200A0C50D /* Demo.app */,
			);
			name = Products;
			sourceTree = "<group>";
		};
		84898D8C222A222200A0C50D /* Demo */ = {
			isa = PBXGroup;
			children = (
				842D8658222A5752006FE60F /* processor */,
				84898D9F222A229200A0C50D /* net */,
				84898DA0222A229F00A0C50D /* ui */,
				84898D8D222A222200A0C50D /* AppDelegate.swift */,
				84898D94222A222300A0C50D /* Assets.xcassets */,
				84898D96222A222300A0C50D /* LaunchScreen.storyboard */,
				84898D99222A222400A0C50D /* Info.plist */,
				842D865F222A6797006FE60F /* Utils.swift */,
			);
			path = Demo;
			sourceTree = "<group>";
		};
		84898D9F222A229200A0C50D /* net */ = {
			isa = PBXGroup;
			children = (
				84898DA1222A22A900A0C50D /* api */,
				84898DA3222A22EA00A0C50D /* response */,
				84898DA2222A22E300A0C50D /* request */,
			);
			path = net;
			sourceTree = "<group>";
		};
		84898DA0222A229F00A0C50D /* ui */ = {
			isa = PBXGroup;
			children = (
				84898D8F222A222200A0C50D /* ViewController.swift */,
				84898D91222A222200A0C50D /* Main.storyboard */,
			);
			path = ui;
			sourceTree = "<group>";
		};
		84898DA1222A22A900A0C50D /* api */ = {
			isa = PBXGroup;
			children = (
				84898DA4222A2AA200A0C50D /* HotItemsApi.swift */,
			);
			path = api;
			sourceTree = "<group>";
		};
		84898DA2222A22E300A0C50D /* request */ = {
			isa = PBXGroup;
			children = (
			);
			path = request;
			sourceTree = "<group>";
		};
		84898DA3222A22EA00A0C50D /* response */ = {
			isa = PBXGroup;
			children = (
				84898DA6222A2AEC00A0C50D /* HotItemsResponse.swift */,
				842D865D222A60E2006FE60F /* ArrayResponse.swift */,
			);
			path = response;
			sourceTree = "<group>";
		};
		AABEB802E526C7C40C5FCB31 /* Pods */ = {
			isa = PBXGroup;
			children = (
				AAD81F11C1973B846ED3C096 /* Pods-Demo.debug.xcconfig */,
				125216B6C957B3433814C1BC /* Pods-Demo.release.xcconfig */,
			);
			name = Pods;
			sourceTree = "<group>";
		};
/* End PBXGroup section */

/* Begin PBXNativeTarget section */
		84898D89222A222200A0C50D /* Demo */ = {
			isa = PBXNativeTarget;
			buildConfigurationList = 84898D9C222A222400A0C50D /* Build configuration list for PBXNativeTarget "Demo" */;
			buildPhases = (
				20077616A64D8D0CE3C33BDF /* [CP] Check Pods Manifest.lock */,
				84898D86222A222200A0C50D /* Sources */,
				84898D87222A222200A0C50D /* Frameworks */,
				84898D88222A222200A0C50D /* Resources */,
				C189909A3F892A6119C16E60 /* [CP] Embed Pods Frameworks */,
			);
			buildRules = (
			);
			dependencies = (
			);
			name = Demo;
			productName = Demo;
			productReference = 84898D8A222A222200A0C50D /* Demo.app */;
			productType = "com.apple.product-type.application";
		};
/* End PBXNativeTarget section */

/* Begin PBXProject section */
		84898D82222A222200A0C50D /* Project object */ = {
			isa = PBXProject;
			attributes = {
				LastSwiftUpdateCheck = 1010;
				LastUpgradeCheck = 1010;
				TargetAttributes = {
					84898D89222A222200A0C50D = {
						CreatedOnToolsVersion = 10.1;
					};
				};
			};
			buildConfigurationList = 84898D85222A222200A0C50D /* Build configuration list for PBXProject "Demo" */;
			compatibilityVersion = "Xcode 9.3";
			developmentRegion = en;
			hasScannedForEncodings = 0;
			knownRegions = (
				en,
				Base,
			);
			mainGroup = 84898D81222A222200A0C50D;
			productRefGroup = 84898D8B222A222200A0C50D /* Products */;
			projectDirPath = "";
			projectRoot = "";
			targets = (
				84898D89222A222200A0C50D /* Demo */,
			);
		};
/* End PBXProject section */

/* Begin PBXResourcesBuildPhase section */
		84898D88222A222200A0C50D /* Resources */ = {
			isa = PBXResourcesBuildPhase;
			buildActionMask = 2147483647;
			files = (
				84898D98222A222300A0C50D /* LaunchScreen.storyboard in Resources */,
				84898D95222A222300A0C50D /* Assets.xcassets in Resources */,
				84898D93222A222200A0C50D /* Main.storyboard in Resources */,
			);
			runOnlyForDeploymentPostprocessing = 0;
		};
/* End PBXResourcesBuildPhase section */

/* Begin PBXShellScriptBuildPhase section */
		20077616A64D8D0CE3C33BDF /* [CP] Check Pods Manifest.lock */ = {
			isa = PBXShellScriptBuildPhase;
			buildActionMask = 2147483647;
			files = (
			);
			inputPaths = (
				"${PODS_PODFILE_DIR_PATH}/Podfile.lock",
				"${PODS_ROOT}/Manifest.lock",
			);
			name = "[CP] Check Pods Manifest.lock";
			outputPaths = (
				"$(DERIVED_FILE_DIR)/Pods-Demo-checkManifestLockResult.txt",
			);
			runOnlyForDeploymentPostprocessing = 0;
			shellPath = /bin/sh;
			shellScript = "diff \"${PODS_PODFILE_DIR_PATH}/Podfile.lock\" \"${PODS_ROOT}/Manifest.lock\" > /dev/null\nif [ $? != 0 ] ; then\n    # print error to STDERR\n    echo \"error: The sandbox is not in sync with the Podfile.lock. Run 'pod install' or update your CocoaPods installation.\" >&2\n    exit 1\nfi\n# This output is used by Xcode 'outputs' to avoid re-running this script phase.\necho \"SUCCESS\" > \"${SCRIPT_OUTPUT_FILE_0}\"\n";
			showEnvVarsInLog = 0;
		};
		C189909A3F892A6119C16E60 /* [CP] Embed Pods Frameworks */ = {
			isa = PBXShellScriptBuildPhase;
			buildActionMask = 2147483647;
			files = (
			);
			inputPaths = (
				"${SRCROOT}/Pods/Target Support Files/Pods-Demo/Pods-Demo-frameworks.sh",
				"${BUILT_PRODUCTS_DIR}/Alamofire/Alamofire.framework",
				"${BUILT_PRODUCTS_DIR}/AlamofireObjectMapper/AlamofireObjectMapper.framework",
				"${BUILT_PRODUCTS_DIR}/ObjectMapper/ObjectMapper.framework",
			);
			name = "[CP] Embed Pods Frameworks";
			outputPaths = (
				"${TARGET_BUILD_DIR}/${FRAMEWORKS_FOLDER_PATH}/Alamofire.framework",
				"${TARGET_BUILD_DIR}/${FRAMEWORKS_FOLDER_PATH}/AlamofireObjectMapper.framework",
				"${TARGET_BUILD_DIR}/${FRAMEWORKS_FOLDER_PATH}/ObjectMapper.framework",
			);
			runOnlyForDeploymentPostprocessing = 0;
			shellPath = /bin/sh;
			shellScript = "\"${SRCROOT}/Pods/Target Support Files/Pods-Demo/Pods-Demo-frameworks.sh\"\n";
			showEnvVarsInLog = 0;
		};
/* End PBXShellScriptBuildPhase section */

/* Begin PBXSourcesBuildPhase section */
		84898D86222A222200A0C50D /* Sources */ = {
			isa = PBXSourcesBuildPhase;
			buildActionMask = 2147483647;
			files = (
				84898D90222A222200A0C50D /* ViewController.swift in Sources */,
				842D865C222A57B2006FE60F /* IHotItemsProcessor.swift in Sources */,
				84898DA7222A2AEC00A0C50D /* HotItemsResponse.swift in Sources */,
				842D865E222A60E2006FE60F /* ArrayResponse.swift in Sources */,
				84898DA5222A2AA200A0C50D /* HotItemsApi.swift in Sources */,
				842D8660222A6797006FE60F /* Utils.swift in Sources */,
				842D865A222A5772006FE60F /* HotItemsProcessor.swift in Sources */,
				84898D8E222A222200A0C50D /* AppDelegate.swift in Sources */,
			);
			runOnlyForDeploymentPostprocessing = 0;
		};
/* End PBXSourcesBuildPhase section */

/* Begin PBXVariantGroup section */
		84898D91222A222200A0C50D /* Main.storyboard */ = {
			isa = PBXVariantGroup;
			children = (
				84898D92222A222200A0C50D /* Base */,
			);
			name = Main.storyboard;
			sourceTree = "<group>";
		};
		84898D96222A222300A0C50D /* LaunchScreen.storyboard */ = {
			isa = PBXVariantGroup;
			children = (
				84898D97222A222300A0C50D /* Base */,
			);
			name = LaunchScreen.storyboard;
			sourceTree = "<group>";
		};
/* End PBXVariantGroup section */

/* Begin XCBuildConfiguration section */
		84898D9A222A222400A0C50D /* Debug */ = {
			isa = XCBuildConfiguration;
			buildSettings = {
				ALWAYS_SEARCH_USER_PATHS = NO;
				CLANG_ANALYZER_NONNULL = YES;
				CLANG_ANALYZER_NUMBER_OBJECT_CONVERSION = YES_AGGRESSIVE;
				CLANG_CXX_LANGUAGE_STANDARD = "gnu++14";
				CLANG_CXX_LIBRARY = "libc++";
				CLANG_ENABLE_MODULES = YES;
				CLANG_ENABLE_OBJC_ARC = YES;
				CLANG_ENABLE_OBJC_WEAK = YES;
				CLANG_WARN_BLOCK_CAPTURE_AUTORELEASING = YES;
				CLANG_WARN_BOOL_CONVERSION = YES;
				CLANG_WARN_COMMA = YES;
				CLANG_WARN_CONSTANT_CONVERSION = YES;
				CLANG_WARN_DEPRECATED_OBJC_IMPLEMENTATIONS = YES;
				CLANG_WARN_DIRECT_OBJC_ISA_USAGE = YES_ERROR;
				CLANG_WARN_DOCUMENTATION_COMMENTS = YES;
				CLANG_WARN_EMPTY_BODY = YES;
				CLANG_WARN_ENUM_CONVERSION = YES;
				CLANG_WARN_INFINITE_RECURSION = YES;
				CLANG_WARN_INT_CONVERSION = YES;
				CLANG_WARN_NON_LITERAL_NULL_CONVERSION = YES;
				CLANG_WARN_OBJC_IMPLICIT_RETAIN_SELF = YES;
				CLANG_WARN_OBJC_LITERAL_CONVERSION = YES;
				CLANG_WARN_OBJC_ROOT_CLASS = YES_ERROR;
				CLANG_WARN_RANGE_LOOP_ANALYSIS = YES;
				CLANG_WARN_STRICT_PROTOTYPES = YES;
				CLANG_WARN_SUSPICIOUS_MOVE = YES;
				CLANG_WARN_UNGUARDED_AVAILABILITY = YES_AGGRESSIVE;
				CLANG_WARN_UNREACHABLE_CODE = YES;
				CLANG_WARN__DUPLICATE_METHOD_MATCH = YES;
				CODE_SIGN_IDENTITY = "iPhone Developer";
				COPY_PHASE_STRIP = NO;
				DEBUG_INFORMATION_FORMAT = dwarf;
				ENABLE_STRICT_OBJC_MSGSEND = YES;
				ENABLE_TESTABILITY = YES;
				GCC_C_LANGUAGE_STANDARD = gnu11;
				GCC_DYNAMIC_NO_PIC = NO;
				GCC_NO_COMMON_BLOCKS = YES;
				GCC_OPTIMIZATION_LEVEL = 0;
				GCC_PREPROCESSOR_DEFINITIONS = (
					"DEBUG=1",
					"$(inherited)",
				);
				GCC_WARN_64_TO_32_BIT_CONVERSION = YES;
				GCC_WARN_ABOUT_RETURN_TYPE = YES_ERROR;
				GCC_WARN_UNDECLARED_SELECTOR = YES;
				GCC_WARN_UNINITIALIZED_AUTOS = YES_AGGRESSIVE;
				GCC_WARN_UNUSED_FUNCTION = YES;
				GCC_WARN_UNUSED_VARIABLE = YES;
				IPHONEOS_DEPLOYMENT_TARGET = 12.1;
				MTL_ENABLE_DEBUG_INFO = INCLUDE_SOURCE;
				MTL_FAST_MATH = YES;
				ONLY_ACTIVE_ARCH = YES;
				SDKROOT = iphoneos;
				SWIFT_ACTIVE_COMPILATION_CONDITIONS = DEBUG;
				SWIFT_OPTIMIZATION_LEVEL = "-Onone";
			};
			name = Debug;
		};
		84898D9B222A222400A0C50D /* Release */ = {
			isa = XCBuildConfiguration;
			buildSettings = {
				ALWAYS_SEARCH_USER_PATHS = NO;
				CLANG_ANALYZER_NONNULL = YES;
				CLANG_ANALYZER_NUMBER_OBJECT_CONVERSION = YES_AGGRESSIVE;
				CLANG_CXX_LANGUAGE_STANDARD = "gnu++14";
				CLANG_CXX_LIBRARY = "libc++";
				CLANG_ENABLE_MODULES = YES;
				CLANG_ENABLE_OBJC_ARC = YES;
				CLANG_ENABLE_OBJC_WEAK = YES;
				CLANG_WARN_BLOCK_CAPTURE_AUTORELEASING = YES;
				CLANG_WARN_BOOL_CONVERSION = YES;
				CLANG_WARN_COMMA = YES;
				CLANG_WARN_CONSTANT_CONVERSION = YES;
				CLANG_WARN_DEPRECATED_OBJC_IMPLEMENTATIONS = YES;
				CLANG_WARN_DIRECT_OBJC_ISA_USAGE = YES_ERROR;
				CLANG_WARN_DOCUMENTATION_COMMENTS = YES;
				CLANG_WARN_EMPTY_BODY = YES;
				CLANG_WARN_ENUM_CONVERSION = YES;
				CLANG_WARN_INFINITE_RECURSION = YES;
				CLANG_WARN_INT_CONVERSION = YES;
				CLANG_WARN_NON_LITERAL_NULL_CONVERSION = YES;
				CLANG_WARN_OBJC_IMPLICIT_RETAIN_SELF = YES;
				CLANG_WARN_OBJC_LITERAL_CONVERSION = YES;
				CLANG_WARN_OBJC_ROOT_CLASS = YES_ERROR;
				CLANG_WARN_RANGE_LOOP_ANALYSIS = YES;
				CLANG_WARN_STRICT_PROTOTYPES = YES;
				CLANG_WARN_SUSPICIOUS_MOVE = YES;
				CLANG_WARN_UNGUARDED_AVAILABILITY = YES_AGGRESSIVE;
				CLANG_WARN_UNREACHABLE_CODE = YES;
				CLANG_WARN__DUPLICATE_METHOD_MATCH = YES;
				CODE_SIGN_IDENTITY = "iPhone Developer";
				COPY_PHASE_STRIP = NO;
				DEBUG_INFORMATION_FORMAT = "dwarf-with-dsym";
				ENABLE_NS_ASSERTIONS = NO;
				ENABLE_STRICT_OBJC_MSGSEND = YES;
				GCC_C_LANGUAGE_STANDARD = gnu11;
				GCC_NO_COMMON_BLOCKS = YES;
				GCC_WARN_64_TO_32_BIT_CONVERSION = YES;
				GCC_WARN_ABOUT_RETURN_TYPE = YES_ERROR;
				GCC_WARN_UNDECLARED_SELECTOR = YES;
				GCC_WARN_UNINITIALIZED_AUTOS = YES_AGGRESSIVE;
				GCC_WARN_UNUSED_FUNCTION = YES;
				GCC_WARN_UNUSED_VARIABLE = YES;
				IPHONEOS_DEPLOYMENT_TARGET = 12.1;
				MTL_ENABLE_DEBUG_INFO = NO;
				MTL_FAST_MATH = YES;
				SDKROOT = iphoneos;
				SWIFT_COMPILATION_MODE = wholemodule;
				SWIFT_OPTIMIZATION_LEVEL = "-O";
				VALIDATE_PRODUCT = YES;
			};
			name = Release;
		};
		84898D9D222A222400A0C50D /* Debug */ = {
			isa = XCBuildConfiguration;
			baseConfigurationReference = AAD81F11C1973B846ED3C096 /* Pods-Demo.debug.xcconfig */;
			buildSettings = {
				ASSETCATALOG_COMPILER_APPICON_NAME = AppIcon;
				CODE_SIGN_IDENTITY = "iPhone Developer";
				CODE_SIGN_STYLE = Automatic;
				DEVELOPMENT_TEAM = BDTW2PZKYP;
				INFOPLIST_FILE = Demo/Info.plist;
				IPHONEOS_DEPLOYMENT_TARGET = 10.0;
				LD_RUNPATH_SEARCH_PATHS = (
					"$(inherited)",
					"@executable_path/Frameworks",
				);
				PRODUCT_BUNDLE_IDENTIFIER = Demo.Demo.5;
				PRODUCT_NAME = "$(TARGET_NAME)";
				PROVISIONING_PROFILE_SPECIFIER = "";
				SWIFT_VERSION = 4.2;
				TARGETED_DEVICE_FAMILY = "1,2";
			};
			name = Debug;
		};
		84898D9E222A222400A0C50D /* Release */ = {
			isa = XCBuildConfiguration;
			baseConfigurationReference = 125216B6C957B3433814C1BC /* Pods-Demo.release.xcconfig */;
			buildSettings = {
				ASSETCATALOG_COMPILER_APPICON_NAME = AppIcon;
				CODE_SIGN_IDENTITY = "iPhone Developer";
				CODE_SIGN_STYLE = Automatic;
				DEVELOPMENT_TEAM = BDTW2PZKYP;
				INFOPLIST_FILE = Demo/Info.plist;
				IPHONEOS_DEPLOYMENT_TARGET = 10.0;
				LD_RUNPATH_SEARCH_PATHS = (
					"$(inherited)",
					"@executable_path/Frameworks",
				);
				PRODUCT_BUNDLE_IDENTIFIER = Demo.Demo.5;
				PRODUCT_NAME = "$(TARGET_NAME)";
				PROVISIONING_PROFILE_SPECIFIER = "";
				SWIFT_VERSION = 4.2;
				TARGETED_DEVICE_FAMILY = "1,2";
			};
			name = Release;
		};
/* End XCBuildConfiguration section */

/* Begin XCConfigurationList section */
		84898D85222A222200A0C50D /* Build configuration list for PBXProject "Demo" */ = {
			isa = XCConfigurationList;
			buildConfigurations = (
				84898D9A222A222400A0C50D /* Debug */,
				84898D9B222A222400A0C50D /* Release */,
			);
			defaultConfigurationIsVisible = 0;
			defaultConfigurationName = Release;
		};
		84898D9C222A222400A0C50D /* Build configuration list for PBXNativeTarget "Demo" */ = {
			isa = XCConfigurationList;
			buildConfigurations = (
				84898D9D222A222400A0C50D /* Debug */,
				84898D9E222A222400A0C50D /* Release */,
			);
			defaultConfigurationIsVisible = 0;
			defaultConfigurationName = Release;
		};
/* End XCConfigurationList section */
	};
	rootObject = 84898D82222A222200A0C50D /* Project object */;
}
